
Microsoft Visual Studio Solution File, Format Version 12.00
# Visual Studio 14
VisualStudioVersion = 14.0.24720.0
MinimumVisualStudioVersion = 10.0.40219.1
Project("{FAE04EC0-301F-11D3-BF4B-00C04F79EFBC}") = "IotWindMillDevice", "iotWindMillStart\IotWindMillDevice.csproj", "{6852391B-4A3E-47EE-A412-F0942384A2B8}"
EndProject
Project("{FAE04EC0-301F-11D3-BF4B-00C04F79EFBC}") = "2a_IotHubReadCloudMessages", "IotHubReadCloudMessages\2a_IotHubReadCloudMessages.csproj", "{A4A2D5D9-963B-44E0-8E19-57AB48BFC7A3}"
EndProject
Project("{FAE04EC0-301F-11D3-BF4B-00C04F79EFBC}") = "3_StoreDeviceToCloudMessages", "StoreDeviceToCloudMessages\3_StoreDeviceToCloudMessages.csproj", "{123B667A-B86E-4B8C-9682-3B9C533891DF}"
EndProject
Project("{FAE04EC0-301F-11D3-BF4B-00C04F79EFBC}") = "4_ProcessStoredInteractiveMessages", "ProcessStoredInteractiveMessages\4_ProcessStoredInteractiveMessages.csproj", "{B6CCC3FC-F304-456E-AE2F-D3E15E55818D}"
EndProject
Project("{FAE04EC0-301F-11D3-BF4B-00C04F79EFBC}") = "2_JustSendToHub", "JustSendToHub\2_JustSendToHub.csproj", "{E9F886C0-F873-4315-B9A6-9FE2396D00E8}"
EndProject
Project("{FAE04EC0-301F-11D3-BF4B-00C04F79EFBC}") = "1_IotHubCreateDevices", "IotHubCreateDevices\1_IotHubCreateDevices.csproj", "{160EFBEF-13EC-44C4-90BD-E8511382221B}"
EndProject
Global
	GlobalSection(SolutionConfigurationPlatforms) = preSolution
		Debug|Any CPU = Debug|Any CPU
		Debug|ARM = Debug|ARM
		Debug|x64 = Debug|x64
		Debug|x86 = Debug|x86
		Release|Any CPU = Release|Any CPU
		Release|ARM = Release|ARM
		Release|x64 = Release|x64
		Release|x86 = Release|x86
	EndGlobalSection
	GlobalSection(ProjectConfigurationPlatforms) = postSolution
		{6852391B-4A3E-47EE-A412-F0942384A2B8}.Debug|Any CPU.ActiveCfg = Debug|x86
		{6852391B-4A3E-47EE-A412-F0942384A2B8}.Debug|Any CPU.Build.0 = Debug|x86
		{6852391B-4A3E-47EE-A412-F0942384A2B8}.Debug|Any CPU.Deploy.0 = Debug|x86
		{6852391B-4A3E-47EE-A412-F0942384A2B8}.Debug|ARM.ActiveCfg = Debug|ARM
		{6852391B-4A3E-47EE-A412-F0942384A2B8}.Debug|ARM.Build.0 = Debug|ARM
		{6852391B-4A3E-47EE-A412-F0942384A2B8}.Debug|ARM.Deploy.0 = Debug|ARM
		{6852391B-4A3E-47EE-A412-F0942384A2B8}.Debug|x64.ActiveCfg = Debug|x64
		{6852391B-4A3E-47EE-A412-F0942384A2B8}.Debug|x64.Build.0 = Debug|x64
		{6852391B-4A3E-47EE-A412-F0942384A2B8}.Debug|x64.Deploy.0 = Debug|x64
		{6852391B-4A3E-47EE-A412-F0942384A2B8}.Debug|x86.ActiveCfg = Debug|x86
		{6852391B-4A3E-47EE-A412-F0942384A2B8}.Debug|x86.Build.0 = Debug|x86
		{6852391B-4A3E-47EE-A412-F0942384A2B8}.Debug|x86.Deploy.0 = Debug|x86
		{6852391B-4A3E-47EE-A412-F0942384A2B8}.Release|Any CPU.ActiveCfg = Release|x86
		{6852391B-4A3E-47EE-A412-F0942384A2B8}.Release|ARM.ActiveCfg = Release|ARM
		{6852391B-4A3E-47EE-A412-F0942384A2B8}.Release|ARM.Build.0 = Release|ARM
		{6852391B-4A3E-47EE-A412-F0942384A2B8}.Release|ARM.Deploy.0 = Release|ARM
		{6852391B-4A3E-47EE-A412-F0942384A2B8}.Release|x64.ActiveCfg = Release|x64
		{6852391B-4A3E-47EE-A412-F0942384A2B8}.Release|x64.Build.0 = Release|x64
		{6852391B-4A3E-47EE-A412-F0942384A2B8}.Release|x64.Deploy.0 = Release|x64
		{6852391B-4A3E-47EE-A412-F0942384A2B8}.Release|x86.ActiveCfg = Release|x86
		{6852391B-4A3E-47EE-A412-F0942384A2B8}.Release|x86.Build.0 = Release|x86
		{6852391B-4A3E-47EE-A412-F0942384A2B8}.Release|x86.Deploy.0 = Release|x86
		{A4A2D5D9-963B-44E0-8E19-57AB48BFC7A3}.Debug|Any CPU.ActiveCfg = Debug|Any CPU
		{A4A2D5D9-963B-44E0-8E19-57AB48BFC7A3}.Debug|Any CPU.Build.0 = Debug|Any CPU
		{A4A2D5D9-963B-44E0-8E19-57AB48BFC7A3}.Debug|ARM.ActiveCfg = Debug|Any CPU
		{A4A2D5D9-963B-44E0-8E19-57AB48BFC7A3}.Debug|ARM.Build.0 = Debug|Any CPU
		{A4A2D5D9-963B-44E0-8E19-57AB48BFC7A3}.Debug|ARM.Deploy.0 = Debug|Any CPU
		{A4A2D5D9-963B-44E0-8E19-57AB48BFC7A3}.Debug|x64.ActiveCfg = Debug|Any CPU
		{A4A2D5D9-963B-44E0-8E19-57AB48BFC7A3}.Debug|x64.Build.0 = Debug|Any CPU
		{A4A2D5D9-963B-44E0-8E19-57AB48BFC7A3}.Debug|x86.ActiveCfg = Debug|Any CPU
		{A4A2D5D9-963B-44E0-8E19-57AB48BFC7A3}.Debug|x86.Build.0 = Debug|Any CPU
		{A4A2D5D9-963B-44E0-8E19-57AB48BFC7A3}.Release|Any CPU.ActiveCfg = Release|Any CPU
		{A4A2D5D9-963B-44E0-8E19-57AB48BFC7A3}.Release|Any CPU.Build.0 = Release|Any CPU
		{A4A2D5D9-963B-44E0-8E19-57AB48BFC7A3}.Release|ARM.ActiveCfg = Release|Any CPU
		{A4A2D5D9-963B-44E0-8E19-57AB48BFC7A3}.Release|ARM.Build.0 = Release|Any CPU
		{A4A2D5D9-963B-44E0-8E19-57AB48BFC7A3}.Release|x64.ActiveCfg = Release|Any CPU
		{A4A2D5D9-963B-44E0-8E19-57AB48BFC7A3}.Release|x64.Build.0 = Release|Any CPU
		{A4A2D5D9-963B-44E0-8E19-57AB48BFC7A3}.Release|x86.ActiveCfg = Release|Any CPU
		{A4A2D5D9-963B-44E0-8E19-57AB48BFC7A3}.Release|x86.Build.0 = Release|Any CPU
		{123B667A-B86E-4B8C-9682-3B9C533891DF}.Debug|Any CPU.ActiveCfg = Debug|Any CPU
		{123B667A-B86E-4B8C-9682-3B9C533891DF}.Debug|Any CPU.Build.0 = Debug|Any CPU
		{123B667A-B86E-4B8C-9682-3B9C533891DF}.Debug|ARM.ActiveCfg = Debug|Any CPU
		{123B667A-B86E-4B8C-9682-3B9C533891DF}.Debug|ARM.Build.0 = Debug|Any CPU
		{123B667A-B86E-4B8C-9682-3B9C533891DF}.Debug|x64.ActiveCfg = Debug|Any CPU
		{123B667A-B86E-4B8C-9682-3B9C533891DF}.Debug|x64.Build.0 = Debug|Any CPU
		{123B667A-B86E-4B8C-9682-3B9C533891DF}.Debug|x86.ActiveCfg = Debug|Any CPU
		{123B667A-B86E-4B8C-9682-3B9C533891DF}.Debug|x86.Build.0 = Debug|Any CPU
		{123B667A-B86E-4B8C-9682-3B9C533891DF}.Release|Any CPU.ActiveCfg = Release|Any CPU
		{123B667A-B86E-4B8C-9682-3B9C533891DF}.Release|Any CPU.Build.0 = Release|Any CPU
		{123B667A-B86E-4B8C-9682-3B9C533891DF}.Release|ARM.ActiveCfg = Release|Any CPU
		{123B667A-B86E-4B8C-9682-3B9C533891DF}.Release|ARM.Build.0 = Release|Any CPU
		{123B667A-B86E-4B8C-9682-3B9C533891DF}.Release|x64.ActiveCfg = Release|Any CPU
		{123B667A-B86E-4B8C-9682-3B9C533891DF}.Release|x64.Build.0 = Release|Any CPU
		{123B667A-B86E-4B8C-9682-3B9C533891DF}.Release|x86.ActiveCfg = Release|Any CPU
		{123B667A-B86E-4B8C-9682-3B9C533891DF}.Release|x86.Build.0 = Release|Any CPU
		{B6CCC3FC-F304-456E-AE2F-D3E15E55818D}.Debug|Any CPU.ActiveCfg = Debug|Any CPU
		{B6CCC3FC-F304-456E-AE2F-D3E15E55818D}.Debug|Any CPU.Build.0 = Debug|Any CPU
		{B6CCC3FC-F304-456E-AE2F-D3E15E55818D}.Debug|ARM.ActiveCfg = Debug|Any CPU
		{B6CCC3FC-F304-456E-AE2F-D3E15E55818D}.Debug|ARM.Build.0 = Debug|Any CPU
		{B6CCC3FC-F304-456E-AE2F-D3E15E55818D}.Debug|x64.ActiveCfg = Debug|Any CPU
		{B6CCC3FC-F304-456E-AE2F-D3E15E55818D}.Debug|x64.Build.0 = Debug|Any CPU
		{B6CCC3FC-F304-456E-AE2F-D3E15E55818D}.Debug|x86.ActiveCfg = Debug|Any CPU
		{B6CCC3FC-F304-456E-AE2F-D3E15E55818D}.Debug|x86.Build.0 = Debug|Any CPU
		{B6CCC3FC-F304-456E-AE2F-D3E15E55818D}.Release|Any CPU.ActiveCfg = Release|Any CPU
		{B6CCC3FC-F304-456E-AE2F-D3E15E55818D}.Release|Any CPU.Build.0 = Release|Any CPU
		{B6CCC3FC-F304-456E-AE2F-D3E15E55818D}.Release|ARM.ActiveCfg = Release|Any CPU
		{B6CCC3FC-F304-456E-AE2F-D3E15E55818D}.Release|ARM.Build.0 = Release|Any CPU
		{B6CCC3FC-F304-456E-AE2F-D3E15E55818D}.Release|x64.ActiveCfg = Release|Any CPU
		{B6CCC3FC-F304-456E-AE2F-D3E15E55818D}.Release|x64.Build.0 = Release|Any CPU
		{B6CCC3FC-F304-456E-AE2F-D3E15E55818D}.Release|x86.ActiveCfg = Release|Any CPU
		{B6CCC3FC-F304-456E-AE2F-D3E15E55818D}.Release|x86.Build.0 = Release|Any CPU
		{E9F886C0-F873-4315-B9A6-9FE2396D00E8}.Debug|Any CPU.ActiveCfg = Debug|x86
		{E9F886C0-F873-4315-B9A6-9FE2396D00E8}.Debug|Any CPU.Build.0 = Debug|x86
		{E9F886C0-F873-4315-B9A6-9FE2396D00E8}.Debug|Any CPU.Deploy.0 = Debug|x86
		{E9F886C0-F873-4315-B9A6-9FE2396D00E8}.Debug|ARM.ActiveCfg = Debug|ARM
		{E9F886C0-F873-4315-B9A6-9FE2396D00E8}.Debug|ARM.Build.0 = Debug|ARM
		{E9F886C0-F873-4315-B9A6-9FE2396D00E8}.Debug|ARM.Deploy.0 = Debug|ARM
		{E9F886C0-F873-4315-B9A6-9FE2396D00E8}.Debug|x64.ActiveCfg = Debug|x64
		{E9F886C0-F873-4315-B9A6-9FE2396D00E8}.Debug|x64.Build.0 = Debug|x64
		{E9F886C0-F873-4315-B9A6-9FE2396D00E8}.Debug|x64.Deploy.0 = Debug|x64
		{E9F886C0-F873-4315-B9A6-9FE2396D00E8}.Debug|x86.ActiveCfg = Debug|x86
		{E9F886C0-F873-4315-B9A6-9FE2396D00E8}.Debug|x86.Build.0 = Debug|x86
		{E9F886C0-F873-4315-B9A6-9FE2396D00E8}.Debug|x86.Deploy.0 = Debug|x86
		{E9F886C0-F873-4315-B9A6-9FE2396D00E8}.Release|Any CPU.ActiveCfg = Release|x86
		{E9F886C0-F873-4315-B9A6-9FE2396D00E8}.Release|ARM.ActiveCfg = Release|ARM
		{E9F886C0-F873-4315-B9A6-9FE2396D00E8}.Release|ARM.Build.0 = Release|ARM
		{E9F886C0-F873-4315-B9A6-9FE2396D00E8}.Release|ARM.Deploy.0 = Release|ARM
		{E9F886C0-F873-4315-B9A6-9FE2396D00E8}.Release|x64.ActiveCfg = Release|x64
		{E9F886C0-F873-4315-B9A6-9FE2396D00E8}.Release|x64.Build.0 = Release|x64
		{E9F886C0-F873-4315-B9A6-9FE2396D00E8}.Release|x64.Deploy.0 = Release|x64
		{E9F886C0-F873-4315-B9A6-9FE2396D00E8}.Release|x86.ActiveCfg = Release|x86
		{E9F886C0-F873-4315-B9A6-9FE2396D00E8}.Release|x86.Build.0 = Release|x86
		{E9F886C0-F873-4315-B9A6-9FE2396D00E8}.Release|x86.Deploy.0 = Release|x86
		{160EFBEF-13EC-44C4-90BD-E8511382221B}.Debug|Any CPU.ActiveCfg = Debug|Any CPU
		{160EFBEF-13EC-44C4-90BD-E8511382221B}.Debug|Any CPU.Build.0 = Debug|Any CPU
		{160EFBEF-13EC-44C4-90BD-E8511382221B}.Debug|ARM.ActiveCfg = Debug|Any CPU
		{160EFBEF-13EC-44C4-90BD-E8511382221B}.Debug|ARM.Build.0 = Debug|Any CPU
		{160EFBEF-13EC-44C4-90BD-E8511382221B}.Debug|x64.ActiveCfg = Debug|Any CPU
		{160EFBEF-13EC-44C4-90BD-E8511382221B}.Debug|x64.Build.0 = Debug|Any CPU
		{160EFBEF-13EC-44C4-90BD-E8511382221B}.Debug|x86.ActiveCfg = Debug|Any CPU
		{160EFBEF-13EC-44C4-90BD-E8511382221B}.Debug|x86.Build.0 = Debug|Any CPU
		{160EFBEF-13EC-44C4-90BD-E8511382221B}.Release|Any CPU.ActiveCfg = Release|Any CPU
		{160EFBEF-13EC-44C4-90BD-E8511382221B}.Release|Any CPU.Build.0 = Release|Any CPU
		{160EFBEF-13EC-44C4-90BD-E8511382221B}.Release|ARM.ActiveCfg = Release|Any CPU
		{160EFBEF-13EC-44C4-90BD-E8511382221B}.Release|ARM.Build.0 = Release|Any CPU
		{160EFBEF-13EC-44C4-90BD-E8511382221B}.Release|x64.ActiveCfg = Release|Any CPU
		{160EFBEF-13EC-44C4-90BD-E8511382221B}.Release|x64.Build.0 = Release|Any CPU
		{160EFBEF-13EC-44C4-90BD-E8511382221B}.Release|x86.ActiveCfg = Release|Any CPU
		{160EFBEF-13EC-44C4-90BD-E8511382221B}.Release|x86.Build.0 = Release|Any CPU
	EndGlobalSection
	GlobalSection(SolutionProperties) = preSolution
		HideSolutionNode = FALSE
	EndGlobalSection
EndGlobal
